
Microsoft Visual Studio Solution File, Format Version 12.00
# Visual Studio 14
VisualStudioVersion = 14.0.25420.1
MinimumVisualStudioVersion = 10.0.40219.1
Project("{FAE04EC0-301F-11D3-BF4B-00C04F79EFBC}") = "Tool", "Tool\Tool.csproj", "{9EDA4429-2CA0-402B-9C0C-DAE4D1B30D82}"
EndProject
Project("{FAE04EC0-301F-11D3-BF4B-00C04F79EFBC}") = "Model", "Model\Model.csproj", "{1AAE71FE-0A44-427F-A3F9-7DB56A8D08B7}"
EndProject
Project("{FAE04EC0-301F-11D3-BF4B-00C04F79EFBC}") = "Dll", "Dll\Dll.csproj", "{0A6531B6-7BBF-4167-B4C8-B67AA51BFBDB}"
EndProject
Project("{FAE04EC0-301F-11D3-BF4B-00C04F79EFBC}") = "Bll", "Bll\Bll.csproj", "{070FEEDC-5147-406B-A0C6-7BEC7D9D5EB7}"
EndProject
Project("{FAE04EC0-301F-11D3-BF4B-00C04F79EFBC}") = "IDll", "IDll\IDll.csproj", "{E8D70FF2-E8C7-459E-BA84-F45A12C1F5B8}"
EndProject
Project("{FAE04EC0-301F-11D3-BF4B-00C04F79EFBC}") = "IBLL", "IBLL\IBLL.csproj", "{0C2E6336-67DA-42F3-9E38-23652967570F}"
EndProject
Project("{FAE04EC0-301F-11D3-BF4B-00C04F79EFBC}") = "Crawler", "Crawler\Crawler.csproj", "{E1DE5B25-7BBA-40C9-876A-BA89CE6649B6}"
EndProject
Global
	GlobalSection(SolutionConfigurationPlatforms) = preSolution
		Debug|Any CPU = Debug|Any CPU
		Release|Any CPU = Release|Any CPU
	EndGlobalSection
	GlobalSection(ProjectConfigurationPlatforms) = postSolution
		{9EDA4429-2CA0-402B-9C0C-DAE4D1B30D82}.Debug|Any CPU.ActiveCfg = Debug|Any CPU
		{9EDA4429-2CA0-402B-9C0C-DAE4D1B30D82}.Debug|Any CPU.Build.0 = Debug|Any CPU
		{9EDA4429-2CA0-402B-9C0C-DAE4D1B30D82}.Release|Any CPU.ActiveCfg = Release|Any CPU
		{9EDA4429-2CA0-402B-9C0C-DAE4D1B30D82}.Release|Any CPU.Build.0 = Release|Any CPU
		{1AAE71FE-0A44-427F-A3F9-7DB56A8D08B7}.Debug|Any CPU.ActiveCfg = Debug|Any CPU
		{1AAE71FE-0A44-427F-A3F9-7DB56A8D08B7}.Debug|Any CPU.Build.0 = Debug|Any CPU
		{1AAE71FE-0A44-427F-A3F9-7DB56A8D08B7}.Release|Any CPU.ActiveCfg = Release|Any CPU
		{1AAE71FE-0A44-427F-A3F9-7DB56A8D08B7}.Release|Any CPU.Build.0 = Release|Any CPU
		{0A6531B6-7BBF-4167-B4C8-B67AA51BFBDB}.Debug|Any CPU.ActiveCfg = Debug|Any CPU
		{0A6531B6-7BBF-4167-B4C8-B67AA51BFBDB}.Debug|Any CPU.Build.0 = Debug|Any CPU
		{0A6531B6-7BBF-4167-B4C8-B67AA51BFBDB}.Release|Any CPU.ActiveCfg = Release|Any CPU
		{0A6531B6-7BBF-4167-B4C8-B67AA51BFBDB}.Release|Any CPU.Build.0 = Release|Any CPU
		{070FEEDC-5147-406B-A0C6-7BEC7D9D5EB7}.Debug|Any CPU.ActiveCfg = Debug|Any CPU
		{070FEEDC-5147-406B-A0C6-7BEC7D9D5EB7}.Debug|Any CPU.Build.0 = Debug|Any CPU
		{070FEEDC-5147-406B-A0C6-7BEC7D9D5EB7}.Release|Any CPU.ActiveCfg = Release|Any CPU
		{070FEEDC-5147-406B-A0C6-7BEC7D9D5EB7}.Release|Any CPU.Build.0 = Release|Any CPU
		{E8D70FF2-E8C7-459E-BA84-F45A12C1F5B8}.Debug|Any CPU.ActiveCfg = Debug|Any CPU
		{E8D70FF2-E8C7-459E-BA84-F45A12C1F5B8}.Debug|Any CPU.Build.0 = Debug|Any CPU
		{E8D70FF2-E8C7-459E-BA84-F45A12C1F5B8}.Release|Any CPU.ActiveCfg = Release|Any CPU
		{E8D70FF2-E8C7-459E-BA84-F45A12C1F5B8}.Release|Any CPU.Build.0 = Release|Any CPU
		{0C2E6336-67DA-42F3-9E38-23652967570F}.Debug|Any CPU.ActiveCfg = Debug|Any CPU
		{0C2E6336-67DA-42F3-9E38-23652967570F}.Debug|Any CPU.Build.0 = Debug|Any CPU
		{0C2E6336-67DA-42F3-9E38-23652967570F}.Release|Any CPU.ActiveCfg = Release|Any CPU
		{0C2E6336-67DA-42F3-9E38-23652967570F}.Release|Any CPU.Build.0 = Release|Any CPU
		{E1DE5B25-7BBA-40C9-876A-BA89CE6649B6}.Debug|Any CPU.ActiveCfg = Debug|Any CPU
		{E1DE5B25-7BBA-40C9-876A-BA89CE6649B6}.Debug|Any CPU.Build.0 = Debug|Any CPU
		{E1DE5B25-7BBA-40C9-876A-BA89CE6649B6}.Release|Any CPU.ActiveCfg = Release|Any CPU
		{E1DE5B25-7BBA-40C9-876A-BA89CE6649B6}.Release|Any CPU.Build.0 = Release|Any CPU
	EndGlobalSection
	GlobalSection(SolutionProperties) = preSolution
		HideSolutionNode = FALSE
	EndGlobalSection
EndGlobal
